
Microsoft Visual Studio Solution File, Format Version 12.00
# Visual Studio Version 16
VisualStudioVersion = 16.0.31515.178
MinimumVisualStudioVersion = 10.0.40219.1
Project("{FAE04EC0-301F-11D3-BF4B-00C04F79EFBC}") = "HashTableDemo", "HashTableDemo\HashTableDemo.csproj", "{21FD7243-654A-437B-A19A-9DE5720EFB84}"
EndProject
Global
	GlobalSection(SolutionConfigurationPlatforms) = preSolution
		Debug|Any CPU = Debug|Any CPU
		Release|Any CPU = Release|Any CPU
	EndGlobalSection
	GlobalSection(ProjectConfigurationPlatforms) = postSolution
		{21FD7243-654A-437B-A19A-9DE5720EFB84}.Debug|Any CPU.ActiveCfg = Debug|Any CPU
		{21FD7243-654A-437B-A19A-9DE5720EFB84}.Debug|Any CPU.Build.0 = Debug|Any CPU
		{21FD7243-654A-437B-A19A-9DE5720EFB84}.Release|Any CPU.ActiveCfg = Release|Any CPU
		{21FD7243-654A-437B-A19A-9DE5720EFB84}.Release|Any CPU.Build.0 = Release|Any CPU
	EndGlobalSection
	GlobalSection(SolutionProperties) = preSolution
		HideSolutionNode = FALSE
	EndGlobalSection
	GlobalSection(ExtensibilityGlobals) = postSolution
		SolutionGuid = {772E383A-3759-4DBD-97E6-1D2FC0421B95}
	EndGlobalSection
EndGlobal
